// !$*UTF8*$!
{
	archiveVersion = 1;
	classes = {
	};
	objectVersion = 48;
	objects = {

/* Begin PBXBuildFile section */
		074A37251F61D2DA00091C1D /* Shop.swift in Sources */ = {isa = PBXBuildFile; fileRef = 074A37241F61D2DA00091C1D /* Shop.swift */; };
		074A37271F61D4F900091C1D /* Shops.swift in Sources */ = {isa = PBXBuildFile; fileRef = 074A37261F61D4F900091C1D /* Shops.swift */; };
		074A37291F61DA8300091C1D /* ShopTests.swift in Sources */ = {isa = PBXBuildFile; fileRef = 074A37281F61DA8300091C1D /* ShopTests.swift */; };
		077190E51F61D01C007DEC27 /* AppDelegate.swift in Sources */ = {isa = PBXBuildFile; fileRef = 077190E41F61D01C007DEC27 /* AppDelegate.swift */; };
		077190E71F61D01C007DEC27 /* ViewController.swift in Sources */ = {isa = PBXBuildFile; fileRef = 077190E61F61D01C007DEC27 /* ViewController.swift */; };
		077190EA1F61D01C007DEC27 /* Main.storyboard in Resources */ = {isa = PBXBuildFile; fileRef = 077190E81F61D01C007DEC27 /* Main.storyboard */; };
		077190EC1F61D01C007DEC27 /* Assets.xcassets in Resources */ = {isa = PBXBuildFile; fileRef = 077190EB1F61D01C007DEC27 /* Assets.xcassets */; };
		077190EF1F61D01C007DEC27 /* LaunchScreen.storyboard in Resources */ = {isa = PBXBuildFile; fileRef = 077190ED1F61D01C007DEC27 /* LaunchScreen.storyboard */; };
		077190FA1F61D01C007DEC27 /* MadridShopsTests.swift in Sources */ = {isa = PBXBuildFile; fileRef = 077190F91F61D01C007DEC27 /* MadridShopsTests.swift */; };
		07B06D051F61E15A001A3120 /* DownloadAllShopsInteractor.swift in Sources */ = {isa = PBXBuildFile; fileRef = 07B06D041F61E15A001A3120 /* DownloadAllShopsInteractor.swift */; };
		07B06D071F61E9D9001A3120 /* Typealias.swift in Sources */ = {isa = PBXBuildFile; fileRef = 07B06D061F61E9D9001A3120 /* Typealias.swift */; };
		07B06D091F61EA19001A3120 /* DownloadAllShopsInteractorFakeImplementation.swift in Sources */ = {isa = PBXBuildFile; fileRef = 07B06D081F61EA19001A3120 /* DownloadAllShopsInteractorFakeImplementation.swift */; };
		07B06D0C1F61F54C001A3120 /* MapKit.framework in Frameworks */ = {isa = PBXBuildFile; fileRef = 07B06D0B1F61F54C001A3120 /* MapKit.framework */; };
		07B06D0E1F61F6E3001A3120 /* ViewController+CollectionViewController.swift in Sources */ = {isa = PBXBuildFile; fileRef = 07B06D0D1F61F6E3001A3120 /* ViewController+CollectionViewController.swift */; };
		07B06D101F61FA3D001A3120 /* ShopCell.swift in Sources */ = {isa = PBXBuildFile; fileRef = 07B06D0F1F61FA3D001A3120 /* ShopCell.swift */; };
/* End PBXBuildFile section */

/* Begin PBXContainerItemProxy section */
		077190F61F61D01C007DEC27 /* PBXContainerItemProxy */ = {
			isa = PBXContainerItemProxy;
			containerPortal = 077190D91F61D01C007DEC27 /* Project object */;
			proxyType = 1;
			remoteGlobalIDString = 077190E01F61D01C007DEC27;
			remoteInfo = MadridShops;
		};
/* End PBXContainerItemProxy section */

/* Begin PBXFileReference section */
		074A37241F61D2DA00091C1D /* Shop.swift */ = {isa = PBXFileReference; lastKnownFileType = sourcecode.swift; path = Shop.swift; sourceTree = "<group>"; };
		074A37261F61D4F900091C1D /* Shops.swift */ = {isa = PBXFileReference; lastKnownFileType = sourcecode.swift; path = Shops.swift; sourceTree = "<group>"; };
		074A37281F61DA8300091C1D /* ShopTests.swift */ = {isa = PBXFileReference; lastKnownFileType = sourcecode.swift; path = ShopTests.swift; sourceTree = "<group>"; };
		077190E11F61D01C007DEC27 /* MadridShops.app */ = {isa = PBXFileReference; explicitFileType = wrapper.application; includeInIndex = 0; path = MadridShops.app; sourceTree = BUILT_PRODUCTS_DIR; };
		077190E41F61D01C007DEC27 /* AppDelegate.swift */ = {isa = PBXFileReference; lastKnownFileType = sourcecode.swift; path = AppDelegate.swift; sourceTree = "<group>"; };
		077190E61F61D01C007DEC27 /* ViewController.swift */ = {isa = PBXFileReference; lastKnownFileType = sourcecode.swift; path = ViewController.swift; sourceTree = "<group>"; };
		077190E91F61D01C007DEC27 /* Base */ = {isa = PBXFileReference; lastKnownFileType = file.storyboard; name = Base; path = Base.lproj/Main.storyboard; sourceTree = "<group>"; };
		077190EB1F61D01C007DEC27 /* Assets.xcassets */ = {isa = PBXFileReference; lastKnownFileType = folder.assetcatalog; path = Assets.xcassets; sourceTree = "<group>"; };
		077190EE1F61D01C007DEC27 /* Base */ = {isa = PBXFileReference; lastKnownFileType = file.storyboard; name = Base; path = Base.lproj/LaunchScreen.storyboard; sourceTree = "<group>"; };
		077190F01F61D01C007DEC27 /* Info.plist */ = {isa = PBXFileReference; lastKnownFileType = text.plist.xml; path = Info.plist; sourceTree = "<group>"; };
		077190F51F61D01C007DEC27 /* MadridShopsTests.xctest */ = {isa = PBXFileReference; explicitFileType = wrapper.cfbundle; includeInIndex = 0; path = MadridShopsTests.xctest; sourceTree = BUILT_PRODUCTS_DIR; };
		077190F91F61D01C007DEC27 /* MadridShopsTests.swift */ = {isa = PBXFileReference; lastKnownFileType = sourcecode.swift; path = MadridShopsTests.swift; sourceTree = "<group>"; };
		077190FB1F61D01C007DEC27 /* Info.plist */ = {isa = PBXFileReference; lastKnownFileType = text.plist.xml; path = Info.plist; sourceTree = "<group>"; };
		07B06D041F61E15A001A3120 /* DownloadAllShopsInteractor.swift */ = {isa = PBXFileReference; lastKnownFileType = sourcecode.swift; path = DownloadAllShopsInteractor.swift; sourceTree = "<group>"; };
		07B06D061F61E9D9001A3120 /* Typealias.swift */ = {isa = PBXFileReference; lastKnownFileType = sourcecode.swift; path = Typealias.swift; sourceTree = "<group>"; };
		07B06D081F61EA19001A3120 /* DownloadAllShopsInteractorFakeImplementation.swift */ = {isa = PBXFileReference; lastKnownFileType = sourcecode.swift; path = DownloadAllShopsInteractorFakeImplementation.swift; sourceTree = "<group>"; };
		07B06D0B1F61F54C001A3120 /* MapKit.framework */ = {isa = PBXFileReference; lastKnownFileType = wrapper.framework; name = MapKit.framework; path = System/Library/Frameworks/MapKit.framework; sourceTree = SDKROOT; };
		07B06D0D1F61F6E3001A3120 /* ViewController+CollectionViewController.swift */ = {isa = PBXFileReference; lastKnownFileType = sourcecode.swift; path = "ViewController+CollectionViewController.swift"; sourceTree = "<group>"; };
		07B06D0F1F61FA3D001A3120 /* ShopCell.swift */ = {isa = PBXFileReference; lastKnownFileType = sourcecode.swift; path = ShopCell.swift; sourceTree = "<group>"; };
/* End PBXFileReference section */

/* Begin PBXFrameworksBuildPhase section */
		077190DE1F61D01C007DEC27 /* Frameworks */ = {
			isa = PBXFrameworksBuildPhase;
			buildActionMask = 2147483647;
			files = (
				07B06D0C1F61F54C001A3120 /* MapKit.framework in Frameworks */,
			);
			runOnlyForDeploymentPostprocessing = 0;
		};
		077190F21F61D01C007DEC27 /* Frameworks */ = {
			isa = PBXFrameworksBuildPhase;
			buildActionMask = 2147483647;
			files = (
			);
			runOnlyForDeploymentPostprocessing = 0;
		};
/* End PBXFrameworksBuildPhase section */

/* Begin PBXGroup section */
		074A37201F61D1B200091C1D /* Model */ = {
			isa = PBXGroup;
			children = (
				07B06D031F61E080001A3120 /* Interactors */,
				074A37241F61D2DA00091C1D /* Shop.swift */,
				074A37261F61D4F900091C1D /* Shops.swift */,
			);
			path = Model;
			sourceTree = "<group>";
		};
		074A37211F61D1B900091C1D /* View */ = {
			isa = PBXGroup;
			children = (
				077190E81F61D01C007DEC27 /* Main.storyboard */,
				077190ED1F61D01C007DEC27 /* LaunchScreen.storyboard */,
				07B06D0F1F61FA3D001A3120 /* ShopCell.swift */,
			);
			path = View;
			sourceTree = "<group>";
		};
		074A37221F61D1C000091C1D /* Controller */ = {
			isa = PBXGroup;
			children = (
				077190E61F61D01C007DEC27 /* ViewController.swift */,
				07B06D0D1F61F6E3001A3120 /* ViewController+CollectionViewController.swift */,
			);
			path = Controller;
			sourceTree = "<group>";
		};
		074A37231F61D1C600091C1D /* Assets */ = {
			isa = PBXGroup;
			children = (
			);
			path = Assets;
			sourceTree = "<group>";
		};
		077190D81F61D01B007DEC27 = {
			isa = PBXGroup;
			children = (
				077190E31F61D01C007DEC27 /* MadridShops */,
				077190F81F61D01C007DEC27 /* MadridShopsTests */,
				077190E21F61D01C007DEC27 /* Products */,
				07B06D0A1F61F54C001A3120 /* Frameworks */,
			);
			sourceTree = "<group>";
		};
		077190E21F61D01C007DEC27 /* Products */ = {
			isa = PBXGroup;
			children = (
				077190E11F61D01C007DEC27 /* MadridShops.app */,
				077190F51F61D01C007DEC27 /* MadridShopsTests.xctest */,
			);
			name = Products;
			sourceTree = "<group>";
		};
		077190E31F61D01C007DEC27 /* MadridShops */ = {
			isa = PBXGroup;
			children = (
				077190E41F61D01C007DEC27 /* AppDelegate.swift */,
				074A37231F61D1C600091C1D /* Assets */,
				074A37221F61D1C000091C1D /* Controller */,
				074A37201F61D1B200091C1D /* Model */,
				074A37211F61D1B900091C1D /* View */,
				077190EB1F61D01C007DEC27 /* Assets.xcassets */,
				077190F01F61D01C007DEC27 /* Info.plist */,
			);
			path = MadridShops;
			sourceTree = "<group>";
		};
		077190F81F61D01C007DEC27 /* MadridShopsTests */ = {
			isa = PBXGroup;
			children = (
				077190FB1F61D01C007DEC27 /* Info.plist */,
				077190F91F61D01C007DEC27 /* MadridShopsTests.swift */,
				074A37281F61DA8300091C1D /* ShopTests.swift */,
			);
			path = MadridShopsTests;
			sourceTree = "<group>";
		};
		07B06D031F61E080001A3120 /* Interactors */ = {
			isa = PBXGroup;
			children = (
				07B06D041F61E15A001A3120 /* DownloadAllShopsInteractor.swift */,
				07B06D081F61EA19001A3120 /* DownloadAllShopsInteractorFakeImplementation.swift */,
				07B06D061F61E9D9001A3120 /* Typealias.swift */,
			);
			path = Interactors;
			sourceTree = "<group>";
		};
		07B06D0A1F61F54C001A3120 /* Frameworks */ = {
			isa = PBXGroup;
			children = (
				07B06D0B1F61F54C001A3120 /* MapKit.framework */,
			);
			name = Frameworks;
			sourceTree = "<group>";
		};
/* End PBXGroup section */

/* Begin PBXNativeTarget section */
		077190E01F61D01C007DEC27 /* MadridShops */ = {
			isa = PBXNativeTarget;
			buildConfigurationList = 077190FE1F61D01C007DEC27 /* Build configuration list for PBXNativeTarget "MadridShops" */;
			buildPhases = (
				077190DD1F61D01C007DEC27 /* Sources */,
				077190DE1F61D01C007DEC27 /* Frameworks */,
				077190DF1F61D01C007DEC27 /* Resources */,
			);
			buildRules = (
			);
			dependencies = (
			);
			name = MadridShops;
			productName = MadridShops;
			productReference = 077190E11F61D01C007DEC27 /* MadridShops.app */;
			productType = "com.apple.product-type.application";
		};
		077190F41F61D01C007DEC27 /* MadridShopsTests */ = {
			isa = PBXNativeTarget;
			buildConfigurationList = 077191011F61D01C007DEC27 /* Build configuration list for PBXNativeTarget "MadridShopsTests" */;
			buildPhases = (
				077190F11F61D01C007DEC27 /* Sources */,
				077190F21F61D01C007DEC27 /* Frameworks */,
				077190F31F61D01C007DEC27 /* Resources */,
			);
			buildRules = (
			);
			dependencies = (
				077190F71F61D01C007DEC27 /* PBXTargetDependency */,
			);
			name = MadridShopsTests;
			productName = MadridShopsTests;
			productReference = 077190F51F61D01C007DEC27 /* MadridShopsTests.xctest */;
			productType = "com.apple.product-type.bundle.unit-test";
		};
/* End PBXNativeTarget section */

/* Begin PBXProject section */
		077190D91F61D01C007DEC27 /* Project object */ = {
			isa = PBXProject;
			attributes = {
				LastSwiftUpdateCheck = 0900;
				LastUpgradeCheck = 0900;
				ORGANIZATIONNAME = THO;
				TargetAttributes = {
					077190E01F61D01C007DEC27 = {
						CreatedOnToolsVersion = 9.0;
						ProvisioningStyle = Automatic;
						SystemCapabilities = {
							com.apple.Maps.iOS = {
								enabled = 1;
							};
						};
					};
					077190F41F61D01C007DEC27 = {
						CreatedOnToolsVersion = 9.0;
						ProvisioningStyle = Automatic;
						TestTargetID = 077190E01F61D01C007DEC27;
					};
				};
			};
			buildConfigurationList = 077190DC1F61D01C007DEC27 /* Build configuration list for PBXProject "MadridShops" */;
			compatibilityVersion = "Xcode 8.0";
			developmentRegion = en;
			hasScannedForEncodings = 0;
			knownRegions = (
				en,
				Base,
			);
			mainGroup = 077190D81F61D01B007DEC27;
			productRefGroup = 077190E21F61D01C007DEC27 /* Products */;
			projectDirPath = "";
			projectRoot = "";
			targets = (
				077190E01F61D01C007DEC27 /* MadridShops */,
				077190F41F61D01C007DEC27 /* MadridShopsTests */,
			);
		};
/* End PBXProject section */

/* Begin PBXResourcesBuildPhase section */
		077190DF1F61D01C007DEC27 /* Resources */ = {
			isa = PBXResourcesBuildPhase;
			buildActionMask = 2147483647;
			files = (
				077190EF1F61D01C007DEC27 /* LaunchScreen.storyboard in Resources */,
				077190EC1F61D01C007DEC27 /* Assets.xcassets in Resources */,
				077190EA1F61D01C007DEC27 /* Main.storyboard in Resources */,
			);
			runOnlyForDeploymentPostprocessing = 0;
		};
		077190F31F61D01C007DEC27 /* Resources */ = {
			isa = PBXResourcesBuildPhase;
			buildActionMask = 2147483647;
			files = (
			);
			runOnlyForDeploymentPostprocessing = 0;
		};
/* End PBXResourcesBuildPhase section */

/* Begin PBXSourcesBuildPhase section */
		077190DD1F61D01C007DEC27 /* Sources */ = {
			isa = PBXSourcesBuildPhase;
			buildActionMask = 2147483647;
			files = (
				074A37251F61D2DA00091C1D /* Shop.swift in Sources */,
				07B06D101F61FA3D001A3120 /* ShopCell.swift in Sources */,
				077190E71F61D01C007DEC27 /* ViewController.swift in Sources */,
				077190E51F61D01C007DEC27 /* AppDelegate.swift in Sources */,
				074A37271F61D4F900091C1D /* Shops.swift in Sources */,
				07B06D091F61EA19001A3120 /* DownloadAllShopsInteractorFakeImplementation.swift in Sources */,
				07B06D0E1F61F6E3001A3120 /* ViewController+CollectionViewController.swift in Sources */,
				07B06D071F61E9D9001A3120 /* Typealias.swift in Sources */,
				07B06D051F61E15A001A3120 /* DownloadAllShopsInteractor.swift in Sources */,
			);
			runOnlyForDeploymentPostprocessing = 0;
		};
		077190F11F61D01C007DEC27 /* Sources */ = {
			isa = PBXSourcesBuildPhase;
			buildActionMask = 2147483647;
			files = (
				077190FA1F61D01C007DEC27 /* MadridShopsTests.swift in Sources */,
				074A37291F61DA8300091C1D /* ShopTests.swift in Sources */,
			);
			runOnlyForDeploymentPostprocessing = 0;
		};
/* End PBXSourcesBuildPhase section */

/* Begin PBXTargetDependency section */
		077190F71F61D01C007DEC27 /* PBXTargetDependency */ = {
			isa = PBXTargetDependency;
			target = 077190E01F61D01C007DEC27 /* MadridShops */;
			targetProxy = 077190F61F61D01C007DEC27 /* PBXContainerItemProxy */;
		};
/* End PBXTargetDependency section */

/* Begin PBXVariantGroup section */
		077190E81F61D01C007DEC27 /* Main.storyboard */ = {
			isa = PBXVariantGroup;
			children = (
				077190E91F61D01C007DEC27 /* Base */,
			);
			name = Main.storyboard;
			sourceTree = "<group>";
		};
		077190ED1F61D01C007DEC27 /* LaunchScreen.storyboard */ = {
			isa = PBXVariantGroup;
			children = (
				077190EE1F61D01C007DEC27 /* Base */,
			);
			name = LaunchScreen.storyboard;
			sourceTree = "<group>";
		};
/* End PBXVariantGroup section */

/* Begin XCBuildConfiguration section */
		077190FC1F61D01C007DEC27 /* Debug */ = {
			isa = XCBuildConfiguration;
			buildSettings = {
				ALWAYS_SEARCH_USER_PATHS = NO;
				CLANG_ANALYZER_NONNULL = YES;
				CLANG_ANALYZER_NUMBER_OBJECT_CONVERSION = YES_AGGRESSIVE;
				CLANG_CXX_LANGUAGE_STANDARD = "gnu++14";
				CLANG_CXX_LIBRARY = "libc++";
				CLANG_ENABLE_MODULES = YES;
				CLANG_ENABLE_OBJC_ARC = YES;
				CLANG_WARN_BLOCK_CAPTURE_AUTORELEASING = YES;
				CLANG_WARN_BOOL_CONVERSION = YES;
				CLANG_WARN_COMMA = YES;
				CLANG_WARN_CONSTANT_CONVERSION = YES;
				CLANG_WARN_DIRECT_OBJC_ISA_USAGE = YES_ERROR;
				CLANG_WARN_DOCUMENTATION_COMMENTS = YES;
				CLANG_WARN_EMPTY_BODY = YES;
				CLANG_WARN_ENUM_CONVERSION = YES;
				CLANG_WARN_INFINITE_RECURSION = YES;
				CLANG_WARN_INT_CONVERSION = YES;
				CLANG_WARN_NON_LITERAL_NULL_CONVERSION = YES;
				CLANG_WARN_OBJC_LITERAL_CONVERSION = YES;
				CLANG_WARN_OBJC_ROOT_CLASS = YES_ERROR;
				CLANG_WARN_RANGE_LOOP_ANALYSIS = YES;
				CLANG_WARN_STRICT_PROTOTYPES = YES;
				CLANG_WARN_SUSPICIOUS_MOVE = YES;
				CLANG_WARN_UNGUARDED_AVAILABILITY = YES_AGGRESSIVE;
				CLANG_WARN_UNREACHABLE_CODE = YES;
				CLANG_WARN__DUPLICATE_METHOD_MATCH = YES;
				CODE_SIGN_IDENTITY = "iPhone Developer";
				COPY_PHASE_STRIP = NO;
				DEBUG_INFORMATION_FORMAT = dwarf;
				ENABLE_STRICT_OBJC_MSGSEND = YES;
				ENABLE_TESTABILITY = YES;
				GCC_C_LANGUAGE_STANDARD = gnu11;
				GCC_DYNAMIC_NO_PIC = NO;
				GCC_NO_COMMON_BLOCKS = YES;
				GCC_OPTIMIZATION_LEVEL = 0;
				GCC_PREPROCESSOR_DEFINITIONS = (
					"DEBUG=1",
					"$(inherited)",
				);
				GCC_WARN_64_TO_32_BIT_CONVERSION = YES;
				GCC_WARN_ABOUT_RETURN_TYPE = YES_ERROR;
				GCC_WARN_UNDECLARED_SELECTOR = YES;
				GCC_WARN_UNINITIALIZED_AUTOS = YES_AGGRESSIVE;
				GCC_WARN_UNUSED_FUNCTION = YES;
				GCC_WARN_UNUSED_VARIABLE = YES;
				IPHONEOS_DEPLOYMENT_TARGET = 11.0;
				MTL_ENABLE_DEBUG_INFO = YES;
				ONLY_ACTIVE_ARCH = YES;
				SDKROOT = iphoneos;
				SWIFT_ACTIVE_COMPILATION_CONDITIONS = DEBUG;
				SWIFT_OPTIMIZATION_LEVEL = "-Onone";
			};
			name = Debug;
		};
		077190FD1F61D01C007DEC27 /* Release */ = {
			isa = XCBuildConfiguration;
			buildSettings = {
				ALWAYS_SEARCH_USER_PATHS = NO;
				CLANG_ANALYZER_NONNULL = YES;
				CLANG_ANALYZER_NUMBER_OBJECT_CONVERSION = YES_AGGRESSIVE;
				CLANG_CXX_LANGUAGE_STANDARD = "gnu++14";
				CLANG_CXX_LIBRARY = "libc++";
				CLANG_ENABLE_MODULES = YES;
				CLANG_ENABLE_OBJC_ARC = YES;
				CLANG_WARN_BLOCK_CAPTURE_AUTORELEASING = YES;
				CLANG_WARN_BOOL_CONVERSION = YES;
				CLANG_WARN_COMMA = YES;
				CLANG_WARN_CONSTANT_CONVERSION = YES;
				CLANG_WARN_DIRECT_OBJC_ISA_USAGE = YES_ERROR;
				CLANG_WARN_DOCUMENTATION_COMMENTS = YES;
				CLANG_WARN_EMPTY_BODY = YES;
				CLANG_WARN_ENUM_CONVERSION = YES;
				CLANG_WARN_INFINITE_RECURSION = YES;
				CLANG_WARN_INT_CONVERSION = YES;
				CLANG_WARN_NON_LITERAL_NULL_CONVERSION = YES;
				CLANG_WARN_OBJC_LITERAL_CONVERSION = YES;
				CLANG_WARN_OBJC_ROOT_CLASS = YES_ERROR;
				CLANG_WARN_RANGE_LOOP_ANALYSIS = YES;
				CLANG_WARN_STRICT_PROTOTYPES = YES;
				CLANG_WARN_SUSPICIOUS_MOVE = YES;
				CLANG_WARN_UNGUARDED_AVAILABILITY = YES_AGGRESSIVE;
				CLANG_WARN_UNREACHABLE_CODE = YES;
				CLANG_WARN__DUPLICATE_METHOD_MATCH = YES;
				CODE_SIGN_IDENTITY = "iPhone Developer";
				COPY_PHASE_STRIP = NO;
				DEBUG_INFORMATION_FORMAT = "dwarf-with-dsym";
				ENABLE_NS_ASSERTIONS = NO;
				ENABLE_STRICT_OBJC_MSGSEND = YES;
				GCC_C_LANGUAGE_STANDARD = gnu11;
				GCC_NO_COMMON_BLOCKS = YES;
				GCC_WARN_64_TO_32_BIT_CONVERSION = YES;
				GCC_WARN_ABOUT_RETURN_TYPE = YES_ERROR;
				GCC_WARN_UNDECLARED_SELECTOR = YES;
				GCC_WARN_UNINITIALIZED_AUTOS = YES_AGGRESSIVE;
				GCC_WARN_UNUSED_FUNCTION = YES;
				GCC_WARN_UNUSED_VARIABLE = YES;
				IPHONEOS_DEPLOYMENT_TARGET = 11.0;
				MTL_ENABLE_DEBUG_INFO = NO;
				SDKROOT = iphoneos;
				SWIFT_OPTIMIZATION_LEVEL = "-Owholemodule";
				VALIDATE_PRODUCT = YES;
			};
			name = Release;
		};
		077190FF1F61D01C007DEC27 /* Debug */ = {
			isa = XCBuildConfiguration;
			buildSettings = {
				ASSETCATALOG_COMPILER_APPICON_NAME = AppIcon;
				CODE_SIGN_STYLE = Automatic;
				INFOPLIST_FILE = MadridShops/Info.plist;
				LD_RUNPATH_SEARCH_PATHS = "$(inherited) @executable_path/Frameworks";
				PRODUCT_BUNDLE_IDENTIFIER = THO.MadridShops;
				PRODUCT_NAME = "$(TARGET_NAME)";
				SWIFT_VERSION = 4.0;
				TARGETED_DEVICE_FAMILY = "1,2";
			};
			name = Debug;
		};
		077191001F61D01C007DEC27 /* Release */ = {
			isa = XCBuildConfiguration;
			buildSettings = {
				ASSETCATALOG_COMPILER_APPICON_NAME = AppIcon;
				CODE_SIGN_STYLE = Automatic;
				INFOPLIST_FILE = MadridShops/Info.plist;
				LD_RUNPATH_SEARCH_PATHS = "$(inherited) @executable_path/Frameworks";
				PRODUCT_BUNDLE_IDENTIFIER = THO.MadridShops;
				PRODUCT_NAME = "$(TARGET_NAME)";
				SWIFT_VERSION = 4.0;
				TARGETED_DEVICE_FAMILY = "1,2";
			};
			name = Release;
		};
		077191021F61D01C007DEC27 /* Debug */ = {
			isa = XCBuildConfiguration;
			buildSettings = {
				ALWAYS_EMBED_SWIFT_STANDARD_LIBRARIES = YES;
				BUNDLE_LOADER = "$(TEST_HOST)";
				CODE_SIGN_STYLE = Automatic;
				INFOPLIST_FILE = MadridShopsTests/Info.plist;
				LD_RUNPATH_SEARCH_PATHS = "$(inherited) @executable_path/Frameworks @loader_path/Frameworks";
				PRODUCT_BUNDLE_IDENTIFIER = THO.MadridShopsTests;
				PRODUCT_NAME = "$(TARGET_NAME)";
				SWIFT_VERSION = 4.0;
				TARGETED_DEVICE_FAMILY = "1,2";
				TEST_HOST = "$(BUILT_PRODUCTS_DIR)/MadridShops.app/MadridShops";
			};
			name = Debug;
		};
		077191031F61D01C007DEC27 /* Release */ = {
			isa = XCBuildConfiguration;
			buildSettings = {
				ALWAYS_EMBED_SWIFT_STANDARD_LIBRARIES = YES;
				BUNDLE_LOADER = "$(TEST_HOST)";
				CODE_SIGN_STYLE = Automatic;
				INFOPLIST_FILE = MadridShopsTests/Info.plist;
				LD_RUNPATH_SEARCH_PATHS = "$(inherited) @executable_path/Frameworks @loader_path/Frameworks";
				PRODUCT_BUNDLE_IDENTIFIER = THO.MadridShopsTests;
				PRODUCT_NAME = "$(TARGET_NAME)";
				SWIFT_VERSION = 4.0;
				TARGETED_DEVICE_FAMILY = "1,2";
				TEST_HOST = "$(BUILT_PRODUCTS_DIR)/MadridShops.app/MadridShops";
			};
			name = Release;
		};
/* End XCBuildConfiguration section */

/* Begin XCConfigurationList section */
		077190DC1F61D01C007DEC27 /* Build configuration list for PBXProject "MadridShops" */ = {
			isa = XCConfigurationList;
			buildConfigurations = (
				077190FC1F61D01C007DEC27 /* Debug */,
				077190FD1F61D01C007DEC27 /* Release */,
			);
			defaultConfigurationIsVisible = 0;
			defaultConfigurationName = Release;
		};
		077190FE1F61D01C007DEC27 /* Build configuration list for PBXNativeTarget "MadridShops" */ = {
			isa = XCConfigurationList;
			buildConfigurations = (
				077190FF1F61D01C007DEC27 /* Debug */,
				077191001F61D01C007DEC27 /* Release */,
			);
			defaultConfigurationIsVisible = 0;
			defaultConfigurationName = Release;
		};
		077191011F61D01C007DEC27 /* Build configuration list for PBXNativeTarget "MadridShopsTests" */ = {
			isa = XCConfigurationList;
			buildConfigurations = (
				077191021F61D01C007DEC27 /* Debug */,
				077191031F61D01C007DEC27 /* Release */,
			);
			defaultConfigurationIsVisible = 0;
			defaultConfigurationName = Release;
		};
/* End XCConfigurationList section */
	};
	rootObject = 077190D91F61D01C007DEC27 /* Project object */;
}
